
Microsoft Visual Studio Solution File, Format Version 12.00
# Visual Studio Version 17
VisualStudioVersion = 17.9.34728.123
MinimumVisualStudioVersion = 10.0.40219.1
Project("{9A19103F-16F7-4668-BE54-9A1E7A4F7556}") = "project291", "project291.csproj", "{F9011AA2-3AE0-40D1-B6A2-9EB86CFF3810}"
EndProject
Global
	GlobalSection(SolutionConfigurationPlatforms) = preSolution
		Debug|Any CPU = Debug|Any CPU
		Release|Any CPU = Release|Any CPU
	EndGlobalSection
	GlobalSection(ProjectConfigurationPlatforms) = postSolution
		{F9011AA2-3AE0-40D1-B6A2-9EB86CFF3810}.Debug|Any CPU.ActiveCfg = Debug|Any CPU
		{F9011AA2-3AE0-40D1-B6A2-9EB86CFF3810}.Debug|Any CPU.Build.0 = Debug|Any CPU
		{F9011AA2-3AE0-40D1-B6A2-9EB86CFF3810}.Release|Any CPU.ActiveCfg = Release|Any CPU
		{F9011AA2-3AE0-40D1-B6A2-9EB86CFF3810}.Release|Any CPU.Build.0 = Release|Any CPU
	EndGlobalSection
	GlobalSection(SolutionProperties) = preSolution
		HideSolutionNode = FALSE
	EndGlobalSection
	GlobalSection(ExtensibilityGlobals) = postSolution
		SolutionGuid = {E1853586-4303-49A8-953E-38A2B9B68C01}
	EndGlobalSection
EndGlobal
